// !$*UTF8*$!
{
	archiveVersion = 1;
	classes = {
	};
	objectVersion = 55;
	objects = {

/* Begin PBXBuildFile section */
		507EDA4327A6276C00C455C6 /* VidappApp.swift in Sources */ = {isa = PBXBuildFile; fileRef = 507EDA3327A6276C00C455C6 /* VidappApp.swift */; };
		507EDA4427A6276C00C455C6 /* VidappApp.swift in Sources */ = {isa = PBXBuildFile; fileRef = 507EDA3327A6276C00C455C6 /* VidappApp.swift */; };
		507EDA4527A6276C00C455C6 /* ContentView.swift in Sources */ = {isa = PBXBuildFile; fileRef = 507EDA3427A6276C00C455C6 /* ContentView.swift */; };
		507EDA4627A6276C00C455C6 /* ContentView.swift in Sources */ = {isa = PBXBuildFile; fileRef = 507EDA3427A6276C00C455C6 /* ContentView.swift */; };
		507EDA4727A6276C00C455C6 /* Assets.xcassets in Resources */ = {isa = PBXBuildFile; fileRef = 507EDA3527A6276C00C455C6 /* Assets.xcassets */; };
		507EDA4827A6276C00C455C6 /* Assets.xcassets in Resources */ = {isa = PBXBuildFile; fileRef = 507EDA3527A6276C00C455C6 /* Assets.xcassets */; };
		507EDA5327A9DDF700C455C6 /* QueryTag.swift in Sources */ = {isa = PBXBuildFile; fileRef = 507EDA5227A9DDF700C455C6 /* QueryTag.swift */; };
		507EDA5727A9DEB800C455C6 /* VideoManager.swift in Sources */ = {isa = PBXBuildFile; fileRef = 507EDA5627A9DEB800C455C6 /* VideoManager.swift */; };
		507EDA5927A9DF8000C455C6 /* VideoManager.swift in Sources */ = {isa = PBXBuildFile; fileRef = 507EDA5627A9DEB800C455C6 /* VideoManager.swift */; };
		507EDA5B27A9E03200C455C6 /* VideoCard.swift in Sources */ = {isa = PBXBuildFile; fileRef = 507EDA5A27A9E03200C455C6 /* VideoCard.swift */; };
		507EDA5D27A9E83200C455C6 /* videoData.json in Resources */ = {isa = PBXBuildFile; fileRef = 507EDA5C27A9E83200C455C6 /* videoData.json */; };
		507EDA6127A9E88F00C455C6 /* ModelData.swift in Sources */ = {isa = PBXBuildFile; fileRef = 507EDA6027A9E88F00C455C6 /* ModelData.swift */; };
		507EDA6327A9EA8000C455C6 /* VideoView.swift in Sources */ = {isa = PBXBuildFile; fileRef = 507EDA6227A9EA8000C455C6 /* VideoView.swift */; };
/* End PBXBuildFile section */

/* Begin PBXFileReference section */
		507EDA3327A6276C00C455C6 /* VidappApp.swift */ = {isa = PBXFileReference; lastKnownFileType = sourcecode.swift; path = VidappApp.swift; sourceTree = "<group>"; };
		507EDA3427A6276C00C455C6 /* ContentView.swift */ = {isa = PBXFileReference; lastKnownFileType = sourcecode.swift; path = ContentView.swift; sourceTree = "<group>"; };
		507EDA3527A6276C00C455C6 /* Assets.xcassets */ = {isa = PBXFileReference; lastKnownFileType = folder.assetcatalog; path = Assets.xcassets; sourceTree = "<group>"; };
		507EDA3A27A6276C00C455C6 /* Vidapp.app */ = {isa = PBXFileReference; explicitFileType = wrapper.application; includeInIndex = 0; path = Vidapp.app; sourceTree = BUILT_PRODUCTS_DIR; };
		507EDA4027A6276C00C455C6 /* Vidapp.app */ = {isa = PBXFileReference; explicitFileType = wrapper.application; includeInIndex = 0; path = Vidapp.app; sourceTree = BUILT_PRODUCTS_DIR; };
		507EDA4227A6276C00C455C6 /* macOS.entitlements */ = {isa = PBXFileReference; lastKnownFileType = text.plist.entitlements; path = macOS.entitlements; sourceTree = "<group>"; };
		507EDA5227A9DDF700C455C6 /* QueryTag.swift */ = {isa = PBXFileReference; lastKnownFileType = sourcecode.swift; path = QueryTag.swift; sourceTree = "<group>"; };
		507EDA5627A9DEB800C455C6 /* VideoManager.swift */ = {isa = PBXFileReference; lastKnownFileType = sourcecode.swift; path = VideoManager.swift; sourceTree = "<group>"; };
		507EDA5A27A9E03200C455C6 /* VideoCard.swift */ = {isa = PBXFileReference; lastKnownFileType = sourcecode.swift; path = VideoCard.swift; sourceTree = "<group>"; };
		507EDA5C27A9E83200C455C6 /* videoData.json */ = {isa = PBXFileReference; fileEncoding = 4; lastKnownFileType = text.json; name = videoData.json; path = "../../../../../Downloads/VideoPlayerApp-main/VideoFinder/Preview Content/videoData.json"; sourceTree = "<group>"; };
		507EDA5E27A9E84F00C455C6 /* videoData.json */ = {isa = PBXFileReference; lastKnownFileType = text.json; path = videoData.json; sourceTree = "<group>"; };
		507EDA6027A9E88F00C455C6 /* ModelData.swift */ = {isa = PBXFileReference; lastKnownFileType = sourcecode.swift; path = ModelData.swift; sourceTree = "<group>"; };
		507EDA6227A9EA8000C455C6 /* VideoView.swift */ = {isa = PBXFileReference; lastKnownFileType = sourcecode.swift; path = VideoView.swift; sourceTree = "<group>"; };
/* End PBXFileReference section */

/* Begin PBXFrameworksBuildPhase section */
		507EDA3727A6276C00C455C6 /* Frameworks */ = {
			isa = PBXFrameworksBuildPhase;
			buildActionMask = 2147483647;
			files = (
			);
			runOnlyForDeploymentPostprocessing = 0;
		};
		507EDA3D27A6276C00C455C6 /* Frameworks */ = {
			isa = PBXFrameworksBuildPhase;
			buildActionMask = 2147483647;
			files = (
			);
			runOnlyForDeploymentPostprocessing = 0;
		};
/* End PBXFrameworksBuildPhase section */

/* Begin PBXGroup section */
		507EDA2D27A6276C00C455C6 = {
			isa = PBXGroup;
			children = (
				507EDA3227A6276C00C455C6 /* Shared */,
				507EDA4127A6276C00C455C6 /* macOS */,
				507EDA3B27A6276C00C455C6 /* Products */,
			);
			sourceTree = "<group>";
		};
		507EDA3227A6276C00C455C6 /* Shared */ = {
			isa = PBXGroup;
			children = (
				507EDA5627A9DEB800C455C6 /* VideoManager.swift */,
				507EDA5127A9DDDE00C455C6 /* Components */,
				507EDA5827A9DF4B00C455C6 /* Views */,
				507EDA3327A6276C00C455C6 /* VidappApp.swift */,
				507EDA5F27A9E85300C455C6 /* Preview Content */,
			);
			path = Shared;
			sourceTree = "<group>";
		};
		507EDA3B27A6276C00C455C6 /* Products */ = {
			isa = PBXGroup;
			children = (
				507EDA3A27A6276C00C455C6 /* Vidapp.app */,
				507EDA4027A6276C00C455C6 /* Vidapp.app */,
			);
			name = Products;
			sourceTree = "<group>";
		};
		507EDA4127A6276C00C455C6 /* macOS */ = {
			isa = PBXGroup;
			children = (
				507EDA4227A6276C00C455C6 /* macOS.entitlements */,
			);
			path = macOS;
			sourceTree = "<group>";
		};
		507EDA5127A9DDDE00C455C6 /* Components */ = {
			isa = PBXGroup;
			children = (
				507EDA5227A9DDF700C455C6 /* QueryTag.swift */,
				507EDA5A27A9E03200C455C6 /* VideoCard.swift */,
			);
			path = Components;
			sourceTree = "<group>";
		};
		507EDA5827A9DF4B00C455C6 /* Views */ = {
			isa = PBXGroup;
			children = (
				507EDA3427A6276C00C455C6 /* ContentView.swift */,
				507EDA6227A9EA8000C455C6 /* VideoView.swift */,
				507EDA5C27A9E83200C455C6 /* videoData.json */,
			);
			path = Views;
			sourceTree = "<group>";
		};
		507EDA5F27A9E85300C455C6 /* Preview Content */ = {
			isa = PBXGroup;
			children = (
				507EDA3527A6276C00C455C6 /* Assets.xcassets */,
				507EDA5E27A9E84F00C455C6 /* videoData.json */,
				507EDA6027A9E88F00C455C6 /* ModelData.swift */,
			);
			path = "Preview Content";
			sourceTree = "<group>";
		};
/* End PBXGroup section */

/* Begin PBXNativeTarget section */
		507EDA3927A6276C00C455C6 /* Vidapp (iOS) */ = {
			isa = PBXNativeTarget;
			buildConfigurationList = 507EDA4B27A6276C00C455C6 /* Build configuration list for PBXNativeTarget "Vidapp (iOS)" */;
			buildPhases = (
				507EDA3627A6276C00C455C6 /* Sources */,
				507EDA3727A6276C00C455C6 /* Frameworks */,
				507EDA3827A6276C00C455C6 /* Resources */,
			);
			buildRules = (
			);
			dependencies = (
			);
			name = "Vidapp (iOS)";
			productName = "Vidapp (iOS)";
			productReference = 507EDA3A27A6276C00C455C6 /* Vidapp.app */;
			productType = "com.apple.product-type.application";
		};
		507EDA3F27A6276C00C455C6 /* Vidapp (macOS) */ = {
			isa = PBXNativeTarget;
			buildConfigurationList = 507EDA4E27A6276C00C455C6 /* Build configuration list for PBXNativeTarget "Vidapp (macOS)" */;
			buildPhases = (
				507EDA3C27A6276C00C455C6 /* Sources */,
				507EDA3D27A6276C00C455C6 /* Frameworks */,
				507EDA3E27A6276C00C455C6 /* Resources */,
			);
			buildRules = (
			);
			dependencies = (
			);
			name = "Vidapp (macOS)";
			productName = "Vidapp (macOS)";
			productReference = 507EDA4027A6276C00C455C6 /* Vidapp.app */;
			productType = "com.apple.product-type.application";
		};
/* End PBXNativeTarget section */

/* Begin PBXProject section */
		507EDA2E27A6276C00C455C6 /* Project object */ = {
			isa = PBXProject;
			attributes = {
				BuildIndependentTargetsInParallel = 1;
				LastSwiftUpdateCheck = 1320;
				LastUpgradeCheck = 1320;
				TargetAttributes = {
					507EDA3927A6276C00C455C6 = {
						CreatedOnToolsVersion = 13.2.1;
					};
					507EDA3F27A6276C00C455C6 = {
						CreatedOnToolsVersion = 13.2.1;
					};
				};
			};
			buildConfigurationList = 507EDA3127A6276C00C455C6 /* Build configuration list for PBXProject "Vidapp" */;
			compatibilityVersion = "Xcode 13.0";
			developmentRegion = en;
			hasScannedForEncodings = 0;
			knownRegions = (
				en,
				Base,
			);
			mainGroup = 507EDA2D27A6276C00C455C6;
			productRefGroup = 507EDA3B27A6276C00C455C6 /* Products */;
			projectDirPath = "";
			projectRoot = "";
			targets = (
				507EDA3927A6276C00C455C6 /* Vidapp (iOS) */,
				507EDA3F27A6276C00C455C6 /* Vidapp (macOS) */,
			);
		};
/* End PBXProject section */

/* Begin PBXResourcesBuildPhase section */
		507EDA3827A6276C00C455C6 /* Resources */ = {
			isa = PBXResourcesBuildPhase;
			buildActionMask = 2147483647;
			files = (
				507EDA4727A6276C00C455C6 /* Assets.xcassets in Resources */,
				507EDA5D27A9E83200C455C6 /* videoData.json in Resources */,
			);
			runOnlyForDeploymentPostprocessing = 0;
		};
		507EDA3E27A6276C00C455C6 /* Resources */ = {
			isa = PBXResourcesBuildPhase;
			buildActionMask = 2147483647;
			files = (
				507EDA4827A6276C00C455C6 /* Assets.xcassets in Resources */,
			);
			runOnlyForDeploymentPostprocessing = 0;
		};
/* End PBXResourcesBuildPhase section */

/* Begin PBXSourcesBuildPhase section */
		507EDA3627A6276C00C455C6 /* Sources */ = {
			isa = PBXSourcesBuildPhase;
			buildActionMask = 2147483647;
			files = (
				507EDA4527A6276C00C455C6 /* ContentView.swift in Sources */,
				507EDA6327A9EA8000C455C6 /* VideoView.swift in Sources */,
				507EDA5B27A9E03200C455C6 /* VideoCard.swift in Sources */,
				507EDA5327A9DDF700C455C6 /* QueryTag.swift in Sources */,
				507EDA4327A6276C00C455C6 /* VidappApp.swift in Sources */,
				507EDA5727A9DEB800C455C6 /* VideoManager.swift in Sources */,
				507EDA6127A9E88F00C455C6 /* ModelData.swift in Sources */,
			);
			runOnlyForDeploymentPostprocessing = 0;
		};
		507EDA3C27A6276C00C455C6 /* Sources */ = {
			isa = PBXSourcesBuildPhase;
			buildActionMask = 2147483647;
			files = (
				507EDA4627A6276C00C455C6 /* ContentView.swift in Sources */,
				507EDA4427A6276C00C455C6 /* VidappApp.swift in Sources */,
				507EDA5927A9DF8000C455C6 /* VideoManager.swift in Sources */,
			);
			runOnlyForDeploymentPostprocessing = 0;
		};
/* End PBXSourcesBuildPhase section */

/* Begin XCBuildConfiguration section */
		507EDA4927A6276C00C455C6 /* Debug */ = {
			isa = XCBuildConfiguration;
			buildSettings = {
				ALWAYS_SEARCH_USER_PATHS = NO;
				CLANG_ANALYZER_NONNULL = YES;
				CLANG_ANALYZER_NUMBER_OBJECT_CONVERSION = YES_AGGRESSIVE;
				CLANG_CXX_LANGUAGE_STANDARD = "gnu++17";
				CLANG_CXX_LIBRARY = "libc++";
				CLANG_ENABLE_MODULES = YES;
				CLANG_ENABLE_OBJC_ARC = YES;
				CLANG_ENABLE_OBJC_WEAK = YES;
				CLANG_WARN_BLOCK_CAPTURE_AUTORELEASING = YES;
				CLANG_WARN_BOOL_CONVERSION = YES;
				CLANG_WARN_COMMA = YES;
				CLANG_WARN_CONSTANT_CONVERSION = YES;
				CLANG_WARN_DEPRECATED_OBJC_IMPLEMENTATIONS = YES;
				CLANG_WARN_DIRECT_OBJC_ISA_USAGE = YES_ERROR;
				CLANG_WARN_DOCUMENTATION_COMMENTS = YES;
				CLANG_WARN_EMPTY_BODY = YES;
				CLANG_WARN_ENUM_CONVERSION = YES;
				CLANG_WARN_INFINITE_RECURSION = YES;
				CLANG_WARN_INT_CONVERSION = YES;
				CLANG_WARN_NON_LITERAL_NULL_CONVERSION = YES;
				CLANG_WARN_OBJC_IMPLICIT_RETAIN_SELF = YES;
				CLANG_WARN_OBJC_LITERAL_CONVERSION = YES;
				CLANG_WARN_OBJC_ROOT_CLASS = YES_ERROR;
				CLANG_WARN_QUOTED_INCLUDE_IN_FRAMEWORK_HEADER = YES;
				CLANG_WARN_RANGE_LOOP_ANALYSIS = YES;
				CLANG_WARN_STRICT_PROTOTYPES = YES;
				CLANG_WARN_SUSPICIOUS_MOVE = YES;
				CLANG_WARN_UNGUARDED_AVAILABILITY = YES_AGGRESSIVE;
				CLANG_WARN_UNREACHABLE_CODE = YES;
				CLANG_WARN__DUPLICATE_METHOD_MATCH = YES;
				COPY_PHASE_STRIP = NO;
				DEBUG_INFORMATION_FORMAT = dwarf;
				ENABLE_STRICT_OBJC_MSGSEND = YES;
				ENABLE_TESTABILITY = YES;
				GCC_C_LANGUAGE_STANDARD = gnu11;
				GCC_DYNAMIC_NO_PIC = NO;
				GCC_NO_COMMON_BLOCKS = YES;
				GCC_OPTIMIZATION_LEVEL = 0;
				GCC_PREPROCESSOR_DEFINITIONS = (
					"DEBUG=1",
					"$(inherited)",
				);
				GCC_WARN_64_TO_32_BIT_CONVERSION = YES;
				GCC_WARN_ABOUT_RETURN_TYPE = YES_ERROR;
				GCC_WARN_UNDECLARED_SELECTOR = YES;
				GCC_WARN_UNINITIALIZED_AUTOS = YES_AGGRESSIVE;
				GCC_WARN_UNUSED_FUNCTION = YES;
				GCC_WARN_UNUSED_VARIABLE = YES;
				MTL_ENABLE_DEBUG_INFO = INCLUDE_SOURCE;
				MTL_FAST_MATH = YES;
				ONLY_ACTIVE_ARCH = YES;
				SWIFT_ACTIVE_COMPILATION_CONDITIONS = DEBUG;
				SWIFT_OPTIMIZATION_LEVEL = "-Onone";
			};
			name = Debug;
		};
		507EDA4A27A6276C00C455C6 /* Release */ = {
			isa = XCBuildConfiguration;
			buildSettings = {
				ALWAYS_SEARCH_USER_PATHS = NO;
				CLANG_ANALYZER_NONNULL = YES;
				CLANG_ANALYZER_NUMBER_OBJECT_CONVERSION = YES_AGGRESSIVE;
				CLANG_CXX_LANGUAGE_STANDARD = "gnu++17";
				CLANG_CXX_LIBRARY = "libc++";
				CLANG_ENABLE_MODULES = YES;
				CLANG_ENABLE_OBJC_ARC = YES;
				CLANG_ENABLE_OBJC_WEAK = YES;
				CLANG_WARN_BLOCK_CAPTURE_AUTORELEASING = YES;
				CLANG_WARN_BOOL_CONVERSION = YES;
				CLANG_WARN_COMMA = YES;
				CLANG_WARN_CONSTANT_CONVERSION = YES;
				CLANG_WARN_DEPRECATED_OBJC_IMPLEMENTATIONS = YES;
				CLANG_WARN_DIRECT_OBJC_ISA_USAGE = YES_ERROR;
				CLANG_WARN_DOCUMENTATION_COMMENTS = YES;
				CLANG_WARN_EMPTY_BODY = YES;
				CLANG_WARN_ENUM_CONVERSION = YES;
				CLANG_WARN_INFINITE_RECURSION = YES;
				CLANG_WARN_INT_CONVERSION = YES;
				CLANG_WARN_NON_LITERAL_NULL_CONVERSION = YES;
				CLANG_WARN_OBJC_IMPLICIT_RETAIN_SELF = YES;
				CLANG_WARN_OBJC_LITERAL_CONVERSION = YES;
				CLANG_WARN_OBJC_ROOT_CLASS = YES_ERROR;
				CLANG_WARN_QUOTED_INCLUDE_IN_FRAMEWORK_HEADER = YES;
				CLANG_WARN_RANGE_LOOP_ANALYSIS = YES;
				CLANG_WARN_STRICT_PROTOTYPES = YES;
				CLANG_WARN_SUSPICIOUS_MOVE = YES;
				CLANG_WARN_UNGUARDED_AVAILABILITY = YES_AGGRESSIVE;
				CLANG_WARN_UNREACHABLE_CODE = YES;
				CLANG_WARN__DUPLICATE_METHOD_MATCH = YES;
				COPY_PHASE_STRIP = NO;
				DEBUG_INFORMATION_FORMAT = "dwarf-with-dsym";
				ENABLE_NS_ASSERTIONS = NO;
				ENABLE_STRICT_OBJC_MSGSEND = YES;
				GCC_C_LANGUAGE_STANDARD = gnu11;
				GCC_NO_COMMON_BLOCKS = YES;
				GCC_WARN_64_TO_32_BIT_CONVERSION = YES;
				GCC_WARN_ABOUT_RETURN_TYPE = YES_ERROR;
				GCC_WARN_UNDECLARED_SELECTOR = YES;
				GCC_WARN_UNINITIALIZED_AUTOS = YES_AGGRESSIVE;
				GCC_WARN_UNUSED_FUNCTION = YES;
				GCC_WARN_UNUSED_VARIABLE = YES;
				MTL_ENABLE_DEBUG_INFO = NO;
				MTL_FAST_MATH = YES;
				SWIFT_COMPILATION_MODE = wholemodule;
				SWIFT_OPTIMIZATION_LEVEL = "-O";
			};
			name = Release;
		};
		507EDA4C27A6276C00C455C6 /* Debug */ = {
			isa = XCBuildConfiguration;
			buildSettings = {
				ASSETCATALOG_COMPILER_APPICON_NAME = AppIcon;
				ASSETCATALOG_COMPILER_GLOBAL_ACCENT_COLOR_NAME = AccentColor;
				CODE_SIGN_STYLE = Automatic;
				CURRENT_PROJECT_VERSION = 1;
				DEVELOPMENT_TEAM = 4V4WYXA8NM;
				ENABLE_PREVIEWS = YES;
				GENERATE_INFOPLIST_FILE = YES;
				INFOPLIST_KEY_UIApplicationSceneManifest_Generation = YES;
				INFOPLIST_KEY_UIApplicationSupportsIndirectInputEvents = YES;
				INFOPLIST_KEY_UILaunchScreen_Generation = YES;
				INFOPLIST_KEY_UISupportedInterfaceOrientations_iPad = "UIInterfaceOrientationPortrait UIInterfaceOrientationPortraitUpsideDown UIInterfaceOrientationLandscapeLeft UIInterfaceOrientationLandscapeRight";
				INFOPLIST_KEY_UISupportedInterfaceOrientations_iPhone = "UIInterfaceOrientationPortrait UIInterfaceOrientationLandscapeLeft UIInterfaceOrientationLandscapeRight";
				IPHONEOS_DEPLOYMENT_TARGET = 15.2;
				LD_RUNPATH_SEARCH_PATHS = (
					"$(inherited)",
					"@executable_path/Frameworks",
				);
				MARKETING_VERSION = 1.0;
				PRODUCT_BUNDLE_IDENTIFIER = com.YukiseKimi.Vidapp;
				PRODUCT_NAME = Vidapp;
				SDKROOT = iphoneos;
				SWIFT_EMIT_LOC_STRINGS = YES;
				SWIFT_VERSION = 5.0;
				TARGETED_DEVICE_FAMILY = "1,2";
			};
			name = Debug;
		};
		507EDA4D27A6276C00C455C6 /* Release */ = {
			isa = XCBuildConfiguration;
			buildSettings = {
				ASSETCATALOG_COMPILER_APPICON_NAME = AppIcon;
				ASSETCATALOG_COMPILER_GLOBAL_ACCENT_COLOR_NAME = AccentColor;
				CODE_SIGN_STYLE = Automatic;
				CURRENT_PROJECT_VERSION = 1;
				DEVELOPMENT_TEAM = 4V4WYXA8NM;
				ENABLE_PREVIEWS = YES;
				GENERATE_INFOPLIST_FILE = YES;
				INFOPLIST_KEY_UIApplicationSceneManifest_Generation = YES;
				INFOPLIST_KEY_UIApplicationSupportsIndirectInputEvents = YES;
				INFOPLIST_KEY_UILaunchScreen_Generation = YES;
				INFOPLIST_KEY_UISupportedInterfaceOrientations_iPad = "UIInterfaceOrientationPortrait UIInterfaceOrientationPortraitUpsideDown UIInterfaceOrientationLandscapeLeft UIInterfaceOrientationLandscapeRight";
				INFOPLIST_KEY_UISupportedInterfaceOrientations_iPhone = "UIInterfaceOrientationPortrait UIInterfaceOrientationLandscapeLeft UIInterfaceOrientationLandscapeRight";
				IPHONEOS_DEPLOYMENT_TARGET = 15.2;
				LD_RUNPATH_SEARCH_PATHS = (
					"$(inherited)",
					"@executable_path/Frameworks",
				);
				MARKETING_VERSION = 1.0;
				PRODUCT_BUNDLE_IDENTIFIER = com.YukiseKimi.Vidapp;
				PRODUCT_NAME = Vidapp;
				SDKROOT = iphoneos;
				SWIFT_EMIT_LOC_STRINGS = YES;
				SWIFT_VERSION = 5.0;
				TARGETED_DEVICE_FAMILY = "1,2";
				VALIDATE_PRODUCT = YES;
			};
			name = Release;
		};
		507EDA4F27A6276C00C455C6 /* Debug */ = {
			isa = XCBuildConfiguration;
			buildSettings = {
				ASSETCATALOG_COMPILER_APPICON_NAME = AppIcon;
				ASSETCATALOG_COMPILER_GLOBAL_ACCENT_COLOR_NAME = AccentColor;
				CODE_SIGN_ENTITLEMENTS = macOS/macOS.entitlements;
				CODE_SIGN_STYLE = Automatic;
				COMBINE_HIDPI_IMAGES = YES;
				CURRENT_PROJECT_VERSION = 1;
				DEVELOPMENT_TEAM = 4V4WYXA8NM;
				ENABLE_HARDENED_RUNTIME = YES;
				ENABLE_PREVIEWS = YES;
				GENERATE_INFOPLIST_FILE = YES;
				INFOPLIST_KEY_NSHumanReadableCopyright = "";
				LD_RUNPATH_SEARCH_PATHS = (
					"$(inherited)",
					"@executable_path/../Frameworks",
				);
				MACOSX_DEPLOYMENT_TARGET = 12.1;
				MARKETING_VERSION = 1.0;
				PRODUCT_BUNDLE_IDENTIFIER = com.YukiseKimi.Vidapp;
				PRODUCT_NAME = Vidapp;
				SDKROOT = macosx;
				SWIFT_EMIT_LOC_STRINGS = YES;
				SWIFT_VERSION = 5.0;
			};
			name = Debug;
		};
		507EDA5027A6276C00C455C6 /* Release */ = {
			isa = XCBuildConfiguration;
			buildSettings = {
				ASSETCATALOG_COMPILER_APPICON_NAME = AppIcon;
				ASSETCATALOG_COMPILER_GLOBAL_ACCENT_COLOR_NAME = AccentColor;
				CODE_SIGN_ENTITLEMENTS = macOS/macOS.entitlements;
				CODE_SIGN_STYLE = Automatic;
				COMBINE_HIDPI_IMAGES = YES;
				CURRENT_PROJECT_VERSION = 1;
				DEVELOPMENT_TEAM = 4V4WYXA8NM;
				ENABLE_HARDENED_RUNTIME = YES;
				ENABLE_PREVIEWS = YES;
				GENERATE_INFOPLIST_FILE = YES;
				INFOPLIST_KEY_NSHumanReadableCopyright = "";
				LD_RUNPATH_SEARCH_PATHS = (
					"$(inherited)",
					"@executable_path/../Frameworks",
				);
				MACOSX_DEPLOYMENT_TARGET = 12.1;
				MARKETING_VERSION = 1.0;
				PRODUCT_BUNDLE_IDENTIFIER = com.YukiseKimi.Vidapp;
				PRODUCT_NAME = Vidapp;
				SDKROOT = macosx;
				SWIFT_EMIT_LOC_STRINGS = YES;
				SWIFT_VERSION = 5.0;
			};
			name = Release;
		};
/* End XCBuildConfiguration section */

/* Begin XCConfigurationList section */
		507EDA3127A6276C00C455C6 /* Build configuration list for PBXProject "Vidapp" */ = {
			isa = XCConfigurationList;
			buildConfigurations = (
				507EDA4927A6276C00C455C6 /* Debug */,
				507EDA4A27A6276C00C455C6 /* Release */,
			);
			defaultConfigurationIsVisible = 0;
			defaultConfigurationName = Release;
		};
		507EDA4B27A6276C00C455C6 /* Build configuration list for PBXNativeTarget "Vidapp (iOS)" */ = {
			isa = XCConfigurationList;
			buildConfigurations = (
				507EDA4C27A6276C00C455C6 /* Debug */,
				507EDA4D27A6276C00C455C6 /* Release */,
			);
			defaultConfigurationIsVisible = 0;
			defaultConfigurationName = Release;
		};
		507EDA4E27A6276C00C455C6 /* Build configuration list for PBXNativeTarget "Vidapp (macOS)" */ = {
			isa = XCConfigurationList;
			buildConfigurations = (
				507EDA4F27A6276C00C455C6 /* Debug */,
				507EDA5027A6276C00C455C6 /* Release */,
			);
			defaultConfigurationIsVisible = 0;
			defaultConfigurationName = Release;
		};
/* End XCConfigurationList section */
	};
	rootObject = 507EDA2E27A6276C00C455C6 /* Project object */;
}
